// !$*UTF8*$!
{
	archiveVersion = 1;
	classes = {
	};
	objectVersion = 77;
	objects = {

/* Begin PBXContainerItemProxy section */
		C7BADA822CEF549B00AEDD3E /* PBXContainerItemProxy */ = {
			isa = PBXContainerItemProxy;
			containerPortal = C7BADA692CEF549A00AEDD3E /* Project object */;
			proxyType = 1;
			remoteGlobalIDString = C7BADA702CEF549A00AEDD3E;
			remoteInfo = SwiftUIBasics;
		};
		C7BADA8C2CEF549B00AEDD3E /* PBXContainerItemProxy */ = {
			isa = PBXContainerItemProxy;
			containerPortal = C7BADA692CEF549A00AEDD3E /* Project object */;
			proxyType = 1;
			remoteGlobalIDString = C7BADA702CEF549A00AEDD3E;
			remoteInfo = SwiftUIBasics;
		};
/* End PBXContainerItemProxy section */

/* Begin PBXFileReference section */
		C7BADA712CEF549A00AEDD3E /* SwiftUIBasics.app */ = {isa = PBXFileReference; explicitFileType = wrapper.application; includeInIndex = 0; path = SwiftUIBasics.app; sourceTree = BUILT_PRODUCTS_DIR; };
		C7BADA812CEF549B00AEDD3E /* SwiftUIBasicsTests.xctest */ = {isa = PBXFileReference; explicitFileType = wrapper.cfbundle; includeInIndex = 0; path = SwiftUIBasicsTests.xctest; sourceTree = BUILT_PRODUCTS_DIR; };
		C7BADA8B2CEF549B00AEDD3E /* SwiftUIBasicsUITests.xctest */ = {isa = PBXFileReference; explicitFileType = wrapper.cfbundle; includeInIndex = 0; path = SwiftUIBasicsUITests.xctest; sourceTree = BUILT_PRODUCTS_DIR; };
/* End PBXFileReference section */

/* Begin PBXFileSystemSynchronizedRootGroup section */
		C7BADA732CEF549A00AEDD3E /* SwiftUIBasics */ = {
			isa = PBXFileSystemSynchronizedRootGroup;
			path = SwiftUIBasics;
			sourceTree = "<group>";
		};
		C7BADA842CEF549B00AEDD3E /* SwiftUIBasicsTests */ = {
			isa = PBXFileSystemSynchronizedRootGroup;
			path = SwiftUIBasicsTests;
			sourceTree = "<group>";
		};
		C7BADA8E2CEF549B00AEDD3E /* SwiftUIBasicsUITests */ = {
			isa = PBXFileSystemSynchronizedRootGroup;
			path = SwiftUIBasicsUITests;
			sourceTree = "<group>";
		};
/* End PBXFileSystemSynchronizedRootGroup section */

/* Begin PBXFrameworksBuildPhase section */
		C7BADA6E2CEF549A00AEDD3E /* Frameworks */ = {
			isa = PBXFrameworksBuildPhase;
			buildActionMask = 2147483647;
			files = (
			);
			runOnlyForDeploymentPostprocessing = 0;
		};
		C7BADA7E2CEF549B00AEDD3E /* Frameworks */ = {
			isa = PBXFrameworksBuildPhase;
			buildActionMask = 2147483647;
			files = (
			);
			runOnlyForDeploymentPostprocessing = 0;
		};
		C7BADA882CEF549B00AEDD3E /* Frameworks */ = {
			isa = PBXFrameworksBuildPhase;
			buildActionMask = 2147483647;
			files = (
			);
			runOnlyForDeploymentPostprocessing = 0;
		};
/* End PBXFrameworksBuildPhase section */

/* Begin PBXGroup section */
		C7BADA682CEF549A00AEDD3E = {
			isa = PBXGroup;
			children = (
				C7BADA732CEF549A00AEDD3E /* SwiftUIBasics */,
				C7BADA842CEF549B00AEDD3E /* SwiftUIBasicsTests */,
				C7BADA8E2CEF549B00AEDD3E /* SwiftUIBasicsUITests */,
				C7BADA722CEF549A00AEDD3E /* Products */,
			);
			sourceTree = "<group>";
		};
		C7BADA722CEF549A00AEDD3E /* Products */ = {
			isa = PBXGroup;
			children = (
				C7BADA712CEF549A00AEDD3E /* SwiftUIBasics.app */,
				C7BADA812CEF549B00AEDD3E /* SwiftUIBasicsTests.xctest */,
				C7BADA8B2CEF549B00AEDD3E /* SwiftUIBasicsUITests.xctest */,
			);
			name = Products;
			sourceTree = "<group>";
		};
/* End PBXGroup section */

/* Begin PBXNativeTarget section */
		C7BADA702CEF549A00AEDD3E /* SwiftUIBasics */ = {
			isa = PBXNativeTarget;
			buildConfigurationList = C7BADA952CEF549B00AEDD3E /* Build configuration list for PBXNativeTarget "SwiftUIBasics" */;
			buildPhases = (
				C7BADA6D2CEF549A00AEDD3E /* Sources */,
				C7BADA6E2CEF549A00AEDD3E /* Frameworks */,
				C7BADA6F2CEF549A00AEDD3E /* Resources */,
			);
			buildRules = (
			);
			dependencies = (
			);
			fileSystemSynchronizedGroups = (
				C7BADA732CEF549A00AEDD3E /* SwiftUIBasics */,
			);
			name = SwiftUIBasics;
			packageProductDependencies = (
			);
			productName = SwiftUIBasics;
			productReference = C7BADA712CEF549A00AEDD3E /* SwiftUIBasics.app */;
			productType = "com.apple.product-type.application";
		};
		C7BADA802CEF549B00AEDD3E /* SwiftUIBasicsTests */ = {
			isa = PBXNativeTarget;
			buildConfigurationList = C7BADA982CEF549B00AEDD3E /* Build configuration list for PBXNativeTarget "SwiftUIBasicsTests" */;
			buildPhases = (
				C7BADA7D2CEF549B00AEDD3E /* Sources */,
				C7BADA7E2CEF549B00AEDD3E /* Frameworks */,
				C7BADA7F2CEF549B00AEDD3E /* Resources */,
			);
			buildRules = (
			);
			dependencies = (
				C7BADA832CEF549B00AEDD3E /* PBXTargetDependency */,
			);
			fileSystemSynchronizedGroups = (
				C7BADA842CEF549B00AEDD3E /* SwiftUIBasicsTests */,
			);
			name = SwiftUIBasicsTests;
			packageProductDependencies = (
			);
			productName = SwiftUIBasicsTests;
			productReference = C7BADA812CEF549B00AEDD3E /* SwiftUIBasicsTests.xctest */;
			productType = "com.apple.product-type.bundle.unit-test";
		};
		C7BADA8A2CEF549B00AEDD3E /* SwiftUIBasicsUITests */ = {
			isa = PBXNativeTarget;
			buildConfigurationList = C7BADA9B2CEF549B00AEDD3E /* Build configuration list for PBXNativeTarget "SwiftUIBasicsUITests" */;
			buildPhases = (
				C7BADA872CEF549B00AEDD3E /* Sources */,
				C7BADA882CEF549B00AEDD3E /* Frameworks */,
				C7BADA892CEF549B00AEDD3E /* Resources */,
			);
			buildRules = (
			);
			dependencies = (
				C7BADA8D2CEF549B00AEDD3E /* PBXTargetDependency */,
			);
			fileSystemSynchronizedGroups = (
				C7BADA8E2CEF549B00AEDD3E /* SwiftUIBasicsUITests */,
			);
			name = SwiftUIBasicsUITests;
			packageProductDependencies = (
			);
			productName = SwiftUIBasicsUITests;
			productReference = C7BADA8B2CEF549B00AEDD3E /* SwiftUIBasicsUITests.xctest */;
			productType = "com.apple.product-type.bundle.ui-testing";
		};
/* End PBXNativeTarget section */

/* Begin PBXProject section */
		C7BADA692CEF549A00AEDD3E /* Project object */ = {
			isa = PBXProject;
			attributes = {
				BuildIndependentTargetsInParallel = 1;
				LastSwiftUpdateCheck = 1610;
				LastUpgradeCheck = 1610;
				TargetAttributes = {
					C7BADA702CEF549A00AEDD3E = {
						CreatedOnToolsVersion = 16.1;
					};
					C7BADA802CEF549B00AEDD3E = {
						CreatedOnToolsVersion = 16.1;
						TestTargetID = C7BADA702CEF549A00AEDD3E;
					};
					C7BADA8A2CEF549B00AEDD3E = {
						CreatedOnToolsVersion = 16.1;
						TestTargetID = C7BADA702CEF549A00AEDD3E;
					};
				};
			};
			buildConfigurationList = C7BADA6C2CEF549A00AEDD3E /* Build configuration list for PBXProject "SwiftUIBasics" */;
			developmentRegion = en;
			hasScannedForEncodings = 0;
			knownRegions = (
				en,
				Base,
			);
			mainGroup = C7BADA682CEF549A00AEDD3E;
			minimizedProjectReferenceProxies = 1;
			preferredProjectObjectVersion = 77;
			productRefGroup = C7BADA722CEF549A00AEDD3E /* Products */;
			projectDirPath = "";
			projectRoot = "";
			targets = (
				C7BADA702CEF549A00AEDD3E /* SwiftUIBasics */,
				C7BADA802CEF549B00AEDD3E /* SwiftUIBasicsTests */,
				C7BADA8A2CEF549B00AEDD3E /* SwiftUIBasicsUITests */,
			);
		};
/* End PBXProject section */

/* Begin PBXResourcesBuildPhase section */
		C7BADA6F2CEF549A00AEDD3E /* Resources */ = {
			isa = PBXResourcesBuildPhase;
			buildActionMask = 2147483647;
			files = (
			);
			runOnlyForDeploymentPostprocessing = 0;
		};
		C7BADA7F2CEF549B00AEDD3E /* Resources */ = {
			isa = PBXResourcesBuildPhase;
			buildActionMask = 2147483647;
			files = (
			);
			runOnlyForDeploymentPostprocessing = 0;
		};
		C7BADA892CEF549B00AEDD3E /* Resources */ = {
			isa = PBXResourcesBuildPhase;
			buildActionMask = 2147483647;
			files = (
			);
			runOnlyForDeploymentPostprocessing = 0;
		};
/* End PBXResourcesBuildPhase section */

/* Begin PBXSourcesBuildPhase section */
		C7BADA6D2CEF549A00AEDD3E /* Sources */ = {
			isa = PBXSourcesBuildPhase;
			buildActionMask = 2147483647;
			files = (
			);
			runOnlyForDeploymentPostprocessing = 0;
		};
		C7BADA7D2CEF549B00AEDD3E /* Sources */ = {
			isa = PBXSourcesBuildPhase;
			buildActionMask = 2147483647;
			files = (
			);
			runOnlyForDeploymentPostprocessing = 0;
		};
		C7BADA872CEF549B00AEDD3E /* Sources */ = {
			isa = PBXSourcesBuildPhase;
			buildActionMask = 2147483647;
			files = (
			);
			runOnlyForDeploymentPostprocessing = 0;
		};
/* End PBXSourcesBuildPhase section */

/* Begin PBXTargetDependency section */
		C7BADA832CEF549B00AEDD3E /* PBXTargetDependency */ = {
			isa = PBXTargetDependency;
			target = C7BADA702CEF549A00AEDD3E /* SwiftUIBasics */;
			targetProxy = C7BADA822CEF549B00AEDD3E /* PBXContainerItemProxy */;
		};
		C7BADA8D2CEF549B00AEDD3E /* PBXTargetDependency */ = {
			isa = PBXTargetDependency;
			target = C7BADA702CEF549A00AEDD3E /* SwiftUIBasics */;
			targetProxy = C7BADA8C2CEF549B00AEDD3E /* PBXContainerItemProxy */;
		};
/* End PBXTargetDependency section */

/* Begin XCBuildConfiguration section */
		C7BADA932CEF549B00AEDD3E /* Debug */ = {
			isa = XCBuildConfiguration;
			buildSettings = {
				ALWAYS_SEARCH_USER_PATHS = NO;
				ASSETCATALOG_COMPILER_GENERATE_SWIFT_ASSET_SYMBOL_EXTENSIONS = YES;
				CLANG_ANALYZER_NONNULL = YES;
				CLANG_ANALYZER_NUMBER_OBJECT_CONVERSION = YES_AGGRESSIVE;
				CLANG_CXX_LANGUAGE_STANDARD = "gnu++20";
				CLANG_ENABLE_MODULES = YES;
				CLANG_ENABLE_OBJC_ARC = YES;
				CLANG_ENABLE_OBJC_WEAK = YES;
				CLANG_WARN_BLOCK_CAPTURE_AUTORELEASING = YES;
				CLANG_WARN_BOOL_CONVERSION = YES;
				CLANG_WARN_COMMA = YES;
				CLANG_WARN_CONSTANT_CONVERSION = YES;
				CLANG_WARN_DEPRECATED_OBJC_IMPLEMENTATIONS = YES;
				CLANG_WARN_DIRECT_OBJC_ISA_USAGE = YES_ERROR;
				CLANG_WARN_DOCUMENTATION_COMMENTS = YES;
				CLANG_WARN_EMPTY_BODY = YES;
				CLANG_WARN_ENUM_CONVERSION = YES;
				CLANG_WARN_INFINITE_RECURSION = YES;
				CLANG_WARN_INT_CONVERSION = YES;
				CLANG_WARN_NON_LITERAL_NULL_CONVERSION = YES;
				CLANG_WARN_OBJC_IMPLICIT_RETAIN_SELF = YES;
				CLANG_WARN_OBJC_LITERAL_CONVERSION = YES;
				CLANG_WARN_OBJC_ROOT_CLASS = YES_ERROR;
				CLANG_WARN_QUOTED_INCLUDE_IN_FRAMEWORK_HEADER = YES;
				CLANG_WARN_RANGE_LOOP_ANALYSIS = YES;
				CLANG_WARN_STRICT_PROTOTYPES = YES;
				CLANG_WARN_SUSPICIOUS_MOVE = YES;
				CLANG_WARN_UNGUARDED_AVAILABILITY = YES_AGGRESSIVE;
				CLANG_WARN_UNREACHABLE_CODE = YES;
				CLANG_WARN__DUPLICATE_METHOD_MATCH = YES;
				COPY_PHASE_STRIP = NO;
				DEBUG_INFORMATION_FORMAT = dwarf;
				ENABLE_STRICT_OBJC_MSGSEND = YES;
				ENABLE_TESTABILITY = YES;
				ENABLE_USER_SCRIPT_SANDBOXING = YES;
				GCC_C_LANGUAGE_STANDARD = gnu17;
				GCC_DYNAMIC_NO_PIC = NO;
				GCC_NO_COMMON_BLOCKS = YES;
				GCC_OPTIMIZATION_LEVEL = 0;
				GCC_PREPROCESSOR_DEFINITIONS = (
					"DEBUG=1",
					"$(inherited)",
				);
				GCC_WARN_64_TO_32_BIT_CONVERSION = YES;
				GCC_WARN_ABOUT_RETURN_TYPE = YES_ERROR;
				GCC_WARN_UNDECLARED_SELECTOR = YES;
				GCC_WARN_UNINITIALIZED_AUTOS = YES_AGGRESSIVE;
				GCC_WARN_UNUSED_FUNCTION = YES;
				GCC_WARN_UNUSED_VARIABLE = YES;
				IPHONEOS_DEPLOYMENT_TARGET = 18.1;
				LOCALIZATION_PREFERS_STRING_CATALOGS = YES;
				MTL_ENABLE_DEBUG_INFO = INCLUDE_SOURCE;
				MTL_FAST_MATH = YES;
				ONLY_ACTIVE_ARCH = YES;
				SDKROOT = iphoneos;
				SWIFT_ACTIVE_COMPILATION_CONDITIONS = "DEBUG $(inherited)";
				SWIFT_OPTIMIZATION_LEVEL = "-Onone";
			};
			name = Debug;
		};
		C7BADA942CEF549B00AEDD3E /* Release */ = {
			isa = XCBuildConfiguration;
			buildSettings = {
				ALWAYS_SEARCH_USER_PATHS = NO;
				ASSETCATALOG_COMPILER_GENERATE_SWIFT_ASSET_SYMBOL_EXTENSIONS = YES;
				CLANG_ANALYZER_NONNULL = YES;
				CLANG_ANALYZER_NUMBER_OBJECT_CONVERSION = YES_AGGRESSIVE;
				CLANG_CXX_LANGUAGE_STANDARD = "gnu++20";
				CLANG_ENABLE_MODULES = YES;
				CLANG_ENABLE_OBJC_ARC = YES;
				CLANG_ENABLE_OBJC_WEAK = YES;
				CLANG_WARN_BLOCK_CAPTURE_AUTORELEASING = YES;
				CLANG_WARN_BOOL_CONVERSION = YES;
				CLANG_WARN_COMMA = YES;
				CLANG_WARN_CONSTANT_CONVERSION = YES;
				CLANG_WARN_DEPRECATED_OBJC_IMPLEMENTATIONS = YES;
				CLANG_WARN_DIRECT_OBJC_ISA_USAGE = YES_ERROR;
				CLANG_WARN_DOCUMENTATION_COMMENTS = YES;
				CLANG_WARN_EMPTY_BODY = YES;
				CLANG_WARN_ENUM_CONVERSION = YES;
				CLANG_WARN_INFINITE_RECURSION = YES;
				CLANG_WARN_INT_CONVERSION = YES;
				CLANG_WARN_NON_LITERAL_NULL_CONVERSION = YES;
				CLANG_WARN_OBJC_IMPLICIT_RETAIN_SELF = YES;
				CLANG_WARN_OBJC_LITERAL_CONVERSION = YES;
				CLANG_WARN_OBJC_ROOT_CLASS = YES_ERROR;
				CLANG_WARN_QUOTED_INCLUDE_IN_FRAMEWORK_HEADER = YES;
				CLANG_WARN_RANGE_LOOP_ANALYSIS = YES;
				CLANG_WARN_STRICT_PROTOTYPES = YES;
				CLANG_WARN_SUSPICIOUS_MOVE = YES;
				CLANG_WARN_UNGUARDED_AVAILABILITY = YES_AGGRESSIVE;
				CLANG_WARN_UNREACHABLE_CODE = YES;
				CLANG_WARN__DUPLICATE_METHOD_MATCH = YES;
				COPY_PHASE_STRIP = NO;
				DEBUG_INFORMATION_FORMAT = "dwarf-with-dsym";
				ENABLE_NS_ASSERTIONS = NO;
				ENABLE_STRICT_OBJC_MSGSEND = YES;
				ENABLE_USER_SCRIPT_SANDBOXING = YES;
				GCC_C_LANGUAGE_STANDARD = gnu17;
				GCC_NO_COMMON_BLOCKS = YES;
				GCC_WARN_64_TO_32_BIT_CONVERSION = YES;
				GCC_WARN_ABOUT_RETURN_TYPE = YES_ERROR;
				GCC_WARN_UNDECLARED_SELECTOR = YES;
				GCC_WARN_UNINITIALIZED_AUTOS = YES_AGGRESSIVE;
				GCC_WARN_UNUSED_FUNCTION = YES;
				GCC_WARN_UNUSED_VARIABLE = YES;
				IPHONEOS_DEPLOYMENT_TARGET = 18.1;
				LOCALIZATION_PREFERS_STRING_CATALOGS = YES;
				MTL_ENABLE_DEBUG_INFO = NO;
				MTL_FAST_MATH = YES;
				SDKROOT = iphoneos;
				SWIFT_COMPILATION_MODE = wholemodule;
				VALIDATE_PRODUCT = YES;
			};
			name = Release;
		};
		C7BADA962CEF549B00AEDD3E /* Debug */ = {
			isa = XCBuildConfiguration;
			buildSettings = {
				ASSETCATALOG_COMPILER_APPICON_NAME = AppIcon;
				ASSETCATALOG_COMPILER_GLOBAL_ACCENT_COLOR_NAME = AccentColor;
				CODE_SIGN_STYLE = Automatic;
				CURRENT_PROJECT_VERSION = 1;
				DEVELOPMENT_ASSET_PATHS = "\"SwiftUIBasics/Preview Content\"";
				DEVELOPMENT_TEAM = H2F89CH3L7;
				ENABLE_PREVIEWS = YES;
				GENERATE_INFOPLIST_FILE = YES;
				INFOPLIST_KEY_UIApplicationSceneManifest_Generation = YES;
				INFOPLIST_KEY_UIApplicationSupportsIndirectInputEvents = YES;
				INFOPLIST_KEY_UILaunchScreen_Generation = YES;
				INFOPLIST_KEY_UISupportedInterfaceOrientations_iPad = "UIInterfaceOrientationPortrait UIInterfaceOrientationPortraitUpsideDown UIInterfaceOrientationLandscapeLeft UIInterfaceOrientationLandscapeRight";
				INFOPLIST_KEY_UISupportedInterfaceOrientations_iPhone = "UIInterfaceOrientationPortrait UIInterfaceOrientationLandscapeLeft UIInterfaceOrientationLandscapeRight";
				IPHONEOS_DEPLOYMENT_TARGET = 17.6;
				LD_RUNPATH_SEARCH_PATHS = (
					"$(inherited)",
					"@executable_path/Frameworks",
				);
				MARKETING_VERSION = 1.0;
				PRODUCT_BUNDLE_IDENTIFIER = com.voniSmart.carNumberPlateDetection.SwiftUIBasics;
				PRODUCT_NAME = "$(TARGET_NAME)";
				SWIFT_EMIT_LOC_STRINGS = YES;
				SWIFT_VERSION = 5.0;
				TARGETED_DEVICE_FAMILY = "1,2";
			};
			name = Debug;
		};
		C7BADA972CEF549B00AEDD3E /* Release */ = {
			isa = XCBuildConfiguration;
			buildSettings = {
				ASSETCATALOG_COMPILER_APPICON_NAME = AppIcon;
				ASSETCATALOG_COMPILER_GLOBAL_ACCENT_COLOR_NAME = AccentColor;
				CODE_SIGN_STYLE = Automatic;
				CURRENT_PROJECT_VERSION = 1;
				DEVELOPMENT_ASSET_PATHS = "\"SwiftUIBasics/Preview Content\"";
				DEVELOPMENT_TEAM = H2F89CH3L7;
				ENABLE_PREVIEWS = YES;
				GENERATE_INFOPLIST_FILE = YES;
				INFOPLIST_KEY_UIApplicationSceneManifest_Generation = YES;
				INFOPLIST_KEY_UIApplicationSupportsIndirectInputEvents = YES;
				INFOPLIST_KEY_UILaunchScreen_Generation = YES;
				INFOPLIST_KEY_UISupportedInterfaceOrientations_iPad = "UIInterfaceOrientationPortrait UIInterfaceOrientationPortraitUpsideDown UIInterfaceOrientationLandscapeLeft UIInterfaceOrientationLandscapeRight";
				INFOPLIST_KEY_UISupportedInterfaceOrientations_iPhone = "UIInterfaceOrientationPortrait UIInterfaceOrientationLandscapeLeft UIInterfaceOrientationLandscapeRight";
				IPHONEOS_DEPLOYMENT_TARGET = 17.6;
				LD_RUNPATH_SEARCH_PATHS = (
					"$(inherited)",
					"@executable_path/Frameworks",
				);
				MARKETING_VERSION = 1.0;
				PRODUCT_BUNDLE_IDENTIFIER = com.voniSmart.carNumberPlateDetection.SwiftUIBasics;
				PRODUCT_NAME = "$(TARGET_NAME)";
				SWIFT_EMIT_LOC_STRINGS = YES;
				SWIFT_VERSION = 5.0;
				TARGETED_DEVICE_FAMILY = "1,2";
			};
			name = Release;
		};
		C7BADA992CEF549B00AEDD3E /* Debug */ = {
			isa = XCBuildConfiguration;
			buildSettings = {
				BUNDLE_LOADER = "$(TEST_HOST)";
				CODE_SIGN_STYLE = Automatic;
				CURRENT_PROJECT_VERSION = 1;
				DEVELOPMENT_TEAM = H2F89CH3L7;
				GENERATE_INFOPLIST_FILE = YES;
				IPHONEOS_DEPLOYMENT_TARGET = 18.1;
				MARKETING_VERSION = 1.0;
				PRODUCT_BUNDLE_IDENTIFIER = com.voniSmart.carNumberPlateDetection.SwiftUIBasicsTests;
				PRODUCT_NAME = "$(TARGET_NAME)";
				SWIFT_EMIT_LOC_STRINGS = NO;
				SWIFT_VERSION = 5.0;
				TARGETED_DEVICE_FAMILY = "1,2";
				TEST_HOST = "$(BUILT_PRODUCTS_DIR)/SwiftUIBasics.app/$(BUNDLE_EXECUTABLE_FOLDER_PATH)/SwiftUIBasics";
			};
			name = Debug;
		};
		C7BADA9A2CEF549B00AEDD3E /* Release */ = {
			isa = XCBuildConfiguration;
			buildSettings = {
				BUNDLE_LOADER = "$(TEST_HOST)";
				CODE_SIGN_STYLE = Automatic;
				CURRENT_PROJECT_VERSION = 1;
				DEVELOPMENT_TEAM = H2F89CH3L7;
				GENERATE_INFOPLIST_FILE = YES;
				IPHONEOS_DEPLOYMENT_TARGET = 18.1;
				MARKETING_VERSION = 1.0;
				PRODUCT_BUNDLE_IDENTIFIER = com.voniSmart.carNumberPlateDetection.SwiftUIBasicsTests;
				PRODUCT_NAME = "$(TARGET_NAME)";
				SWIFT_EMIT_LOC_STRINGS = NO;
				SWIFT_VERSION = 5.0;
				TARGETED_DEVICE_FAMILY = "1,2";
				TEST_HOST = "$(BUILT_PRODUCTS_DIR)/SwiftUIBasics.app/$(BUNDLE_EXECUTABLE_FOLDER_PATH)/SwiftUIBasics";
			};
			name = Release;
		};
		C7BADA9C2CEF549B00AEDD3E /* Debug */ = {
			isa = XCBuildConfiguration;
			buildSettings = {
				CODE_SIGN_STYLE = Automatic;
				CURRENT_PROJECT_VERSION = 1;
				DEVELOPMENT_TEAM = H2F89CH3L7;
				GENERATE_INFOPLIST_FILE = YES;
				MARKETING_VERSION = 1.0;
				PRODUCT_BUNDLE_IDENTIFIER = com.voniSmart.carNumberPlateDetection.SwiftUIBasicsUITests;
				PRODUCT_NAME = "$(TARGET_NAME)";
				SWIFT_EMIT_LOC_STRINGS = NO;
				SWIFT_VERSION = 5.0;
				TARGETED_DEVICE_FAMILY = "1,2";
				TEST_TARGET_NAME = SwiftUIBasics;
			};
			name = Debug;
		};
		C7BADA9D2CEF549B00AEDD3E /* Release */ = {
			isa = XCBuildConfiguration;
			buildSettings = {
				CODE_SIGN_STYLE = Automatic;
				CURRENT_PROJECT_VERSION = 1;
				DEVELOPMENT_TEAM = H2F89CH3L7;
				GENERATE_INFOPLIST_FILE = YES;
				MARKETING_VERSION = 1.0;
				PRODUCT_BUNDLE_IDENTIFIER = com.voniSmart.carNumberPlateDetection.SwiftUIBasicsUITests;
				PRODUCT_NAME = "$(TARGET_NAME)";
				SWIFT_EMIT_LOC_STRINGS = NO;
				SWIFT_VERSION = 5.0;
				TARGETED_DEVICE_FAMILY = "1,2";
				TEST_TARGET_NAME = SwiftUIBasics;
			};
			name = Release;
		};
/* End XCBuildConfiguration section */

/* Begin XCConfigurationList section */
		C7BADA6C2CEF549A00AEDD3E /* Build configuration list for PBXProject "SwiftUIBasics" */ = {
			isa = XCConfigurationList;
			buildConfigurations = (
				C7BADA932CEF549B00AEDD3E /* Debug */,
				C7BADA942CEF549B00AEDD3E /* Release */,
			);
			defaultConfigurationIsVisible = 0;
			defaultConfigurationName = Release;
		};
		C7BADA952CEF549B00AEDD3E /* Build configuration list for PBXNativeTarget "SwiftUIBasics" */ = {
			isa = XCConfigurationList;
			buildConfigurations = (
				C7BADA962CEF549B00AEDD3E /* Debug */,
				C7BADA972CEF549B00AEDD3E /* Release */,
			);
			defaultConfigurationIsVisible = 0;
			defaultConfigurationName = Release;
		};
		C7BADA982CEF549B00AEDD3E /* Build configuration list for PBXNativeTarget "SwiftUIBasicsTests" */ = {
			isa = XCConfigurationList;
			buildConfigurations = (
				C7BADA992CEF549B00AEDD3E /* Debug */,
				C7BADA9A2CEF549B00AEDD3E /* Release */,
			);
			defaultConfigurationIsVisible = 0;
			defaultConfigurationName = Release;
		};
		C7BADA9B2CEF549B00AEDD3E /* Build configuration list for PBXNativeTarget "SwiftUIBasicsUITests" */ = {
			isa = XCConfigurationList;
			buildConfigurations = (
				C7BADA9C2CEF549B00AEDD3E /* Debug */,
				C7BADA9D2CEF549B00AEDD3E /* Release */,
			);
			defaultConfigurationIsVisible = 0;
			defaultConfigurationName = Release;
		};
/* End XCConfigurationList section */
	};
	rootObject = C7BADA692CEF549A00AEDD3E /* Project object */;
}
